
Microsoft Visual Studio Solution File, Format Version 12.00
# Visual Studio Version 17
VisualStudioVersion = 17.9.34728.123
MinimumVisualStudioVersion = 10.0.40219.1
Project("{FAE04EC0-301F-11D3-BF4B-00C04F79EFBC}") = "Traffic_lights_Web", "Traffic_lights_Web\Traffic_lights_Web.csproj", "{93E0EB01-B73F-4F1C-BAE5-22DFF7E2846D}"
EndProject
Global
	GlobalSection(SolutionConfigurationPlatforms) = preSolution
		Debug|Any CPU = Debug|Any CPU
		Release|Any CPU = Release|Any CPU
	EndGlobalSection
	GlobalSection(ProjectConfigurationPlatforms) = postSolution
		{93E0EB01-B73F-4F1C-BAE5-22DFF7E2846D}.Debug|Any CPU.ActiveCfg = Debug|Any CPU
		{93E0EB01-B73F-4F1C-BAE5-22DFF7E2846D}.Debug|Any CPU.Build.0 = Debug|Any CPU
		{93E0EB01-B73F-4F1C-BAE5-22DFF7E2846D}.Release|Any CPU.ActiveCfg = Release|Any CPU
		{93E0EB01-B73F-4F1C-BAE5-22DFF7E2846D}.Release|Any CPU.Build.0 = Release|Any CPU
	EndGlobalSection
	GlobalSection(SolutionProperties) = preSolution
		HideSolutionNode = FALSE
	EndGlobalSection
	GlobalSection(ExtensibilityGlobals) = postSolution
		SolutionGuid = {BD7F6E33-8D66-4159-80FF-00EE0F57989C}
	EndGlobalSection
EndGlobal
